
Microsoft Visual Studio Solution File, Format Version 12.00
# Visual Studio Version 16
VisualStudioVersion = 16.0.30804.86
MinimumVisualStudioVersion = 10.0.40219.1
Project("{9A19103F-16F7-4668-BE54-9A1E7A4F7556}") = "DataAccess", "DataAccess\DataAccess.csproj", "{E56510A8-5AB6-4C55-A398-70B61FB91C14}"
EndProject
Project("{9A19103F-16F7-4668-BE54-9A1E7A4F7556}") = "Business", "Business\Business.csproj", "{DADF5DB7-92B0-4AFE-8C73-DC5DA29EA250}"
EndProject
Project("{9A19103F-16F7-4668-BE54-9A1E7A4F7556}") = "Entities", "Entities\Entities.csproj", "{39B3848A-11FE-4046-AEED-952DACB08348}"
EndProject
Project("{9A19103F-16F7-4668-BE54-9A1E7A4F7556}") = "ConsoleUI", "ConsoleUI\ConsoleUI.csproj", "{B7359302-C74F-4D0E-AA21-04ADBDC70ED1}"
EndProject
Project("{9A19103F-16F7-4668-BE54-9A1E7A4F7556}") = "Core", "Core\Core.csproj", "{7DF7E061-CC39-4590-8929-C69A4E4B7E57}"
EndProject
Project("{FAE04EC0-301F-11D3-BF4B-00C04F79EFBC}") = "WebAPI", "WebAPI\WebAPI.csproj", "{416BF673-8DBF-463E-BDF2-2A9DE3AC801F}"
EndProject
Global
	GlobalSection(SolutionConfigurationPlatforms) = preSolution
		Debug|Any CPU = Debug|Any CPU
		Release|Any CPU = Release|Any CPU
	EndGlobalSection
	GlobalSection(ProjectConfigurationPlatforms) = postSolution
		{E56510A8-5AB6-4C55-A398-70B61FB91C14}.Debug|Any CPU.ActiveCfg = Debug|Any CPU
		{E56510A8-5AB6-4C55-A398-70B61FB91C14}.Debug|Any CPU.Build.0 = Debug|Any CPU
		{E56510A8-5AB6-4C55-A398-70B61FB91C14}.Release|Any CPU.ActiveCfg = Release|Any CPU
		{E56510A8-5AB6-4C55-A398-70B61FB91C14}.Release|Any CPU.Build.0 = Release|Any CPU
		{DADF5DB7-92B0-4AFE-8C73-DC5DA29EA250}.Debug|Any CPU.ActiveCfg = Debug|Any CPU
		{DADF5DB7-92B0-4AFE-8C73-DC5DA29EA250}.Debug|Any CPU.Build.0 = Debug|Any CPU
		{DADF5DB7-92B0-4AFE-8C73-DC5DA29EA250}.Release|Any CPU.ActiveCfg = Release|Any CPU
		{DADF5DB7-92B0-4AFE-8C73-DC5DA29EA250}.Release|Any CPU.Build.0 = Release|Any CPU
		{39B3848A-11FE-4046-AEED-952DACB08348}.Debug|Any CPU.ActiveCfg = Debug|Any CPU
		{39B3848A-11FE-4046-AEED-952DACB08348}.Debug|Any CPU.Build.0 = Debug|Any CPU
		{39B3848A-11FE-4046-AEED-952DACB08348}.Release|Any CPU.ActiveCfg = Release|Any CPU
		{39B3848A-11FE-4046-AEED-952DACB08348}.Release|Any CPU.Build.0 = Release|Any CPU
		{B7359302-C74F-4D0E-AA21-04ADBDC70ED1}.Debug|Any CPU.ActiveCfg = Debug|Any CPU
		{B7359302-C74F-4D0E-AA21-04ADBDC70ED1}.Debug|Any CPU.Build.0 = Debug|Any CPU
		{B7359302-C74F-4D0E-AA21-04ADBDC70ED1}.Release|Any CPU.ActiveCfg = Release|Any CPU
		{B7359302-C74F-4D0E-AA21-04ADBDC70ED1}.Release|Any CPU.Build.0 = Release|Any CPU
		{7DF7E061-CC39-4590-8929-C69A4E4B7E57}.Debug|Any CPU.ActiveCfg = Debug|Any CPU
		{7DF7E061-CC39-4590-8929-C69A4E4B7E57}.Debug|Any CPU.Build.0 = Debug|Any CPU
		{7DF7E061-CC39-4590-8929-C69A4E4B7E57}.Release|Any CPU.ActiveCfg = Release|Any CPU
		{7DF7E061-CC39-4590-8929-C69A4E4B7E57}.Release|Any CPU.Build.0 = Release|Any CPU
		{416BF673-8DBF-463E-BDF2-2A9DE3AC801F}.Debug|Any CPU.ActiveCfg = Debug|Any CPU
		{416BF673-8DBF-463E-BDF2-2A9DE3AC801F}.Debug|Any CPU.Build.0 = Debug|Any CPU
		{416BF673-8DBF-463E-BDF2-2A9DE3AC801F}.Release|Any CPU.ActiveCfg = Release|Any CPU
		{416BF673-8DBF-463E-BDF2-2A9DE3AC801F}.Release|Any CPU.Build.0 = Release|Any CPU
	EndGlobalSection
	GlobalSection(SolutionProperties) = preSolution
		HideSolutionNode = FALSE
	EndGlobalSection
	GlobalSection(ExtensibilityGlobals) = postSolution
		SolutionGuid = {A17D5872-7C62-417C-AB8B-C78A8F1EE9A8}
	EndGlobalSection
EndGlobal
